
Microsoft Visual Studio Solution File, Format Version 12.00
# Visual Studio 15
VisualStudioVersion = 15.0.27004.2002
MinimumVisualStudioVersion = 10.0.40219.1
Project("{FAE04EC0-301F-11D3-BF4B-00C04F79EFBC}") = "Core", "Core\Core.csproj", "{06995602-6F46-43B2-B9C4-045461E7E200}"
EndProject
Project("{FAE04EC0-301F-11D3-BF4B-00C04F79EFBC}") = "UnitTesting", "UnitTesting\UnitTesting.csproj", "{14474498-390D-4C64-897D-69096D59BB42}"
EndProject
Project("{FAE04EC0-301F-11D3-BF4B-00C04F79EFBC}") = "Smoke", "Smoke\Smoke.csproj", "{970B6C7F-82B0-464A-8753-455D440A6932}"
EndProject
Project("{FAE04EC0-301F-11D3-BF4B-00C04F79EFBC}") = "Security", "Security\Security.csproj", "{8BCC9413-3F2F-427F-9828-CF8EC02DDACA}"
EndProject
Project("{FAE04EC0-301F-11D3-BF4B-00C04F79EFBC}") = "Forms", "Forms\Forms.csproj", "{443C5454-F95B-4A19-A2D9-76B3E63A8BAB}"
EndProject
Project("{2150E333-8FDC-42A3-9474-1A3956D46DE8}") = "TFS", "TFS", "{DE2865F0-A9A6-4109-9172-E1357CEF80E6}"
	ProjectSection(SolutionItems) = preProject
		.tfignore = .tfignore
	EndProjectSection
EndProject
Project("{FAE04EC0-301F-11D3-BF4B-00C04F79EFBC}") = "EndToEnd", "EndToEnd\EndToEnd.csproj", "{A6107098-A337-4B27-9CE4-DEB3B46FF624}"
EndProject
Global
	GlobalSection(SolutionConfigurationPlatforms) = preSolution
		Debug|Any CPU = Debug|Any CPU
		Dev Chrome|Any CPU = Dev Chrome|Any CPU
		Dev IE|Any CPU = Dev IE|Any CPU
		Patch Chrome|Any CPU = Patch Chrome|Any CPU
		Patch IE|Any CPU = Patch IE|Any CPU
		Prod Chrome|Any CPU = Prod Chrome|Any CPU
		Prod IE|Any CPU = Prod IE|Any CPU
		Release|Any CPU = Release|Any CPU
		UAT Chrome|Any CPU = UAT Chrome|Any CPU
		UAT IE|Any CPU = UAT IE|Any CPU
	EndGlobalSection
	GlobalSection(ProjectConfigurationPlatforms) = postSolution
		{06995602-6F46-43B2-B9C4-045461E7E200}.Debug|Any CPU.ActiveCfg = Debug|Any CPU
		{06995602-6F46-43B2-B9C4-045461E7E200}.Debug|Any CPU.Build.0 = Debug|Any CPU
		{06995602-6F46-43B2-B9C4-045461E7E200}.Dev Chrome|Any CPU.ActiveCfg = Dev Chrome|Any CPU
		{06995602-6F46-43B2-B9C4-045461E7E200}.Dev Chrome|Any CPU.Build.0 = Dev Chrome|Any CPU
		{06995602-6F46-43B2-B9C4-045461E7E200}.Dev IE|Any CPU.ActiveCfg = Dev IE|Any CPU
		{06995602-6F46-43B2-B9C4-045461E7E200}.Dev IE|Any CPU.Build.0 = Dev IE|Any CPU
		{06995602-6F46-43B2-B9C4-045461E7E200}.Patch Chrome|Any CPU.ActiveCfg = Patch Chrome|Any CPU
		{06995602-6F46-43B2-B9C4-045461E7E200}.Patch Chrome|Any CPU.Build.0 = Patch Chrome|Any CPU
		{06995602-6F46-43B2-B9C4-045461E7E200}.Patch IE|Any CPU.ActiveCfg = Patch IE|Any CPU
		{06995602-6F46-43B2-B9C4-045461E7E200}.Patch IE|Any CPU.Build.0 = Patch IE|Any CPU
		{06995602-6F46-43B2-B9C4-045461E7E200}.Prod Chrome|Any CPU.ActiveCfg = Prod Chrome|Any CPU
		{06995602-6F46-43B2-B9C4-045461E7E200}.Prod Chrome|Any CPU.Build.0 = Prod Chrome|Any CPU
		{06995602-6F46-43B2-B9C4-045461E7E200}.Prod IE|Any CPU.ActiveCfg = Prod IE|Any CPU
		{06995602-6F46-43B2-B9C4-045461E7E200}.Prod IE|Any CPU.Build.0 = Prod IE|Any CPU
		{06995602-6F46-43B2-B9C4-045461E7E200}.Release|Any CPU.ActiveCfg = Release|Any CPU
		{06995602-6F46-43B2-B9C4-045461E7E200}.Release|Any CPU.Build.0 = Release|Any CPU
		{06995602-6F46-43B2-B9C4-045461E7E200}.UAT Chrome|Any CPU.ActiveCfg = UAT Chrome|Any CPU
		{06995602-6F46-43B2-B9C4-045461E7E200}.UAT Chrome|Any CPU.Build.0 = UAT Chrome|Any CPU
		{06995602-6F46-43B2-B9C4-045461E7E200}.UAT IE|Any CPU.ActiveCfg = UAT IE|Any CPU
		{06995602-6F46-43B2-B9C4-045461E7E200}.UAT IE|Any CPU.Build.0 = UAT IE|Any CPU
		{14474498-390D-4C64-897D-69096D59BB42}.Debug|Any CPU.ActiveCfg = Debug|Any CPU
		{14474498-390D-4C64-897D-69096D59BB42}.Debug|Any CPU.Build.0 = Debug|Any CPU
		{14474498-390D-4C64-897D-69096D59BB42}.Dev Chrome|Any CPU.ActiveCfg = Debug|Any CPU
		{14474498-390D-4C64-897D-69096D59BB42}.Dev Chrome|Any CPU.Build.0 = Debug|Any CPU
		{14474498-390D-4C64-897D-69096D59BB42}.Dev IE|Any CPU.ActiveCfg = Debug|Any CPU
		{14474498-390D-4C64-897D-69096D59BB42}.Dev IE|Any CPU.Build.0 = Debug|Any CPU
		{14474498-390D-4C64-897D-69096D59BB42}.Patch Chrome|Any CPU.ActiveCfg = Release|Any CPU
		{14474498-390D-4C64-897D-69096D59BB42}.Patch Chrome|Any CPU.Build.0 = Release|Any CPU
		{14474498-390D-4C64-897D-69096D59BB42}.Patch IE|Any CPU.ActiveCfg = Release|Any CPU
		{14474498-390D-4C64-897D-69096D59BB42}.Patch IE|Any CPU.Build.0 = Release|Any CPU
		{14474498-390D-4C64-897D-69096D59BB42}.Prod Chrome|Any CPU.ActiveCfg = Release|Any CPU
		{14474498-390D-4C64-897D-69096D59BB42}.Prod Chrome|Any CPU.Build.0 = Release|Any CPU
		{14474498-390D-4C64-897D-69096D59BB42}.Prod IE|Any CPU.ActiveCfg = Release|Any CPU
		{14474498-390D-4C64-897D-69096D59BB42}.Prod IE|Any CPU.Build.0 = Release|Any CPU
		{14474498-390D-4C64-897D-69096D59BB42}.Release|Any CPU.ActiveCfg = Release|Any CPU
		{14474498-390D-4C64-897D-69096D59BB42}.Release|Any CPU.Build.0 = Release|Any CPU
		{14474498-390D-4C64-897D-69096D59BB42}.UAT Chrome|Any CPU.ActiveCfg = Release|Any CPU
		{14474498-390D-4C64-897D-69096D59BB42}.UAT Chrome|Any CPU.Build.0 = Release|Any CPU
		{14474498-390D-4C64-897D-69096D59BB42}.UAT IE|Any CPU.ActiveCfg = Release|Any CPU
		{14474498-390D-4C64-897D-69096D59BB42}.UAT IE|Any CPU.Build.0 = Release|Any CPU
		{970B6C7F-82B0-464A-8753-455D440A6932}.Debug|Any CPU.ActiveCfg = Debug|Any CPU
		{970B6C7F-82B0-464A-8753-455D440A6932}.Debug|Any CPU.Build.0 = Debug|Any CPU
		{970B6C7F-82B0-464A-8753-455D440A6932}.Dev Chrome|Any CPU.ActiveCfg = Dev Chrome|Any CPU
		{970B6C7F-82B0-464A-8753-455D440A6932}.Dev Chrome|Any CPU.Build.0 = Dev Chrome|Any CPU
		{970B6C7F-82B0-464A-8753-455D440A6932}.Dev IE|Any CPU.ActiveCfg = Dev IE|Any CPU
		{970B6C7F-82B0-464A-8753-455D440A6932}.Dev IE|Any CPU.Build.0 = Dev IE|Any CPU
		{970B6C7F-82B0-464A-8753-455D440A6932}.Patch Chrome|Any CPU.ActiveCfg = Patch Chrome|Any CPU
		{970B6C7F-82B0-464A-8753-455D440A6932}.Patch Chrome|Any CPU.Build.0 = Patch Chrome|Any CPU
		{970B6C7F-82B0-464A-8753-455D440A6932}.Patch IE|Any CPU.ActiveCfg = Patch IE|Any CPU
		{970B6C7F-82B0-464A-8753-455D440A6932}.Patch IE|Any CPU.Build.0 = Patch IE|Any CPU
		{970B6C7F-82B0-464A-8753-455D440A6932}.Prod Chrome|Any CPU.ActiveCfg = Prod Chrome|Any CPU
		{970B6C7F-82B0-464A-8753-455D440A6932}.Prod Chrome|Any CPU.Build.0 = Prod Chrome|Any CPU
		{970B6C7F-82B0-464A-8753-455D440A6932}.Prod IE|Any CPU.ActiveCfg = Prod IE|Any CPU
		{970B6C7F-82B0-464A-8753-455D440A6932}.Prod IE|Any CPU.Build.0 = Prod IE|Any CPU
		{970B6C7F-82B0-464A-8753-455D440A6932}.Release|Any CPU.ActiveCfg = Release|Any CPU
		{970B6C7F-82B0-464A-8753-455D440A6932}.Release|Any CPU.Build.0 = Release|Any CPU
		{970B6C7F-82B0-464A-8753-455D440A6932}.UAT Chrome|Any CPU.ActiveCfg = UAT Chrome|Any CPU
		{970B6C7F-82B0-464A-8753-455D440A6932}.UAT Chrome|Any CPU.Build.0 = UAT Chrome|Any CPU
		{970B6C7F-82B0-464A-8753-455D440A6932}.UAT IE|Any CPU.ActiveCfg = UAT IE|Any CPU
		{970B6C7F-82B0-464A-8753-455D440A6932}.UAT IE|Any CPU.Build.0 = UAT IE|Any CPU
		{8BCC9413-3F2F-427F-9828-CF8EC02DDACA}.Debug|Any CPU.ActiveCfg = Debug|Any CPU
		{8BCC9413-3F2F-427F-9828-CF8EC02DDACA}.Debug|Any CPU.Build.0 = Debug|Any CPU
		{8BCC9413-3F2F-427F-9828-CF8EC02DDACA}.Dev Chrome|Any CPU.ActiveCfg = Dev Chrome|Any CPU
		{8BCC9413-3F2F-427F-9828-CF8EC02DDACA}.Dev Chrome|Any CPU.Build.0 = Dev Chrome|Any CPU
		{8BCC9413-3F2F-427F-9828-CF8EC02DDACA}.Dev IE|Any CPU.ActiveCfg = Dev IE|Any CPU
		{8BCC9413-3F2F-427F-9828-CF8EC02DDACA}.Dev IE|Any CPU.Build.0 = Dev IE|Any CPU
		{8BCC9413-3F2F-427F-9828-CF8EC02DDACA}.Patch Chrome|Any CPU.ActiveCfg = Patch Chrome|Any CPU
		{8BCC9413-3F2F-427F-9828-CF8EC02DDACA}.Patch Chrome|Any CPU.Build.0 = Patch Chrome|Any CPU
		{8BCC9413-3F2F-427F-9828-CF8EC02DDACA}.Patch IE|Any CPU.ActiveCfg = Patch IE|Any CPU
		{8BCC9413-3F2F-427F-9828-CF8EC02DDACA}.Patch IE|Any CPU.Build.0 = Patch IE|Any CPU
		{8BCC9413-3F2F-427F-9828-CF8EC02DDACA}.Prod Chrome|Any CPU.ActiveCfg = Prod Chrome|Any CPU
		{8BCC9413-3F2F-427F-9828-CF8EC02DDACA}.Prod Chrome|Any CPU.Build.0 = Prod Chrome|Any CPU
		{8BCC9413-3F2F-427F-9828-CF8EC02DDACA}.Prod IE|Any CPU.ActiveCfg = Prod IE|Any CPU
		{8BCC9413-3F2F-427F-9828-CF8EC02DDACA}.Prod IE|Any CPU.Build.0 = Prod IE|Any CPU
		{8BCC9413-3F2F-427F-9828-CF8EC02DDACA}.Release|Any CPU.ActiveCfg = Release|Any CPU
		{8BCC9413-3F2F-427F-9828-CF8EC02DDACA}.Release|Any CPU.Build.0 = Release|Any CPU
		{8BCC9413-3F2F-427F-9828-CF8EC02DDACA}.UAT Chrome|Any CPU.ActiveCfg = UAT Chrome|Any CPU
		{8BCC9413-3F2F-427F-9828-CF8EC02DDACA}.UAT Chrome|Any CPU.Build.0 = UAT Chrome|Any CPU
		{8BCC9413-3F2F-427F-9828-CF8EC02DDACA}.UAT IE|Any CPU.ActiveCfg = UAT IE|Any CPU
		{8BCC9413-3F2F-427F-9828-CF8EC02DDACA}.UAT IE|Any CPU.Build.0 = UAT IE|Any CPU
		{443C5454-F95B-4A19-A2D9-76B3E63A8BAB}.Debug|Any CPU.ActiveCfg = Debug|Any CPU
		{443C5454-F95B-4A19-A2D9-76B3E63A8BAB}.Debug|Any CPU.Build.0 = Debug|Any CPU
		{443C5454-F95B-4A19-A2D9-76B3E63A8BAB}.Dev Chrome|Any CPU.ActiveCfg = Dev Chrome|Any CPU
		{443C5454-F95B-4A19-A2D9-76B3E63A8BAB}.Dev Chrome|Any CPU.Build.0 = Dev Chrome|Any CPU
		{443C5454-F95B-4A19-A2D9-76B3E63A8BAB}.Dev IE|Any CPU.ActiveCfg = Dev IE|Any CPU
		{443C5454-F95B-4A19-A2D9-76B3E63A8BAB}.Dev IE|Any CPU.Build.0 = Dev IE|Any CPU
		{443C5454-F95B-4A19-A2D9-76B3E63A8BAB}.Patch Chrome|Any CPU.ActiveCfg = Patch Chrome|Any CPU
		{443C5454-F95B-4A19-A2D9-76B3E63A8BAB}.Patch Chrome|Any CPU.Build.0 = Patch Chrome|Any CPU
		{443C5454-F95B-4A19-A2D9-76B3E63A8BAB}.Patch IE|Any CPU.ActiveCfg = Patch IE|Any CPU
		{443C5454-F95B-4A19-A2D9-76B3E63A8BAB}.Patch IE|Any CPU.Build.0 = Patch IE|Any CPU
		{443C5454-F95B-4A19-A2D9-76B3E63A8BAB}.Prod Chrome|Any CPU.ActiveCfg = Prod Chrome|Any CPU
		{443C5454-F95B-4A19-A2D9-76B3E63A8BAB}.Prod Chrome|Any CPU.Build.0 = Prod Chrome|Any CPU
		{443C5454-F95B-4A19-A2D9-76B3E63A8BAB}.Prod IE|Any CPU.ActiveCfg = Prod IE|Any CPU
		{443C5454-F95B-4A19-A2D9-76B3E63A8BAB}.Prod IE|Any CPU.Build.0 = Prod IE|Any CPU
		{443C5454-F95B-4A19-A2D9-76B3E63A8BAB}.Release|Any CPU.ActiveCfg = Release|Any CPU
		{443C5454-F95B-4A19-A2D9-76B3E63A8BAB}.Release|Any CPU.Build.0 = Release|Any CPU
		{443C5454-F95B-4A19-A2D9-76B3E63A8BAB}.UAT Chrome|Any CPU.ActiveCfg = UAT Chrome|Any CPU
		{443C5454-F95B-4A19-A2D9-76B3E63A8BAB}.UAT Chrome|Any CPU.Build.0 = UAT Chrome|Any CPU
		{443C5454-F95B-4A19-A2D9-76B3E63A8BAB}.UAT IE|Any CPU.ActiveCfg = UAT IE|Any CPU
		{443C5454-F95B-4A19-A2D9-76B3E63A8BAB}.UAT IE|Any CPU.Build.0 = UAT IE|Any CPU
		{A6107098-A337-4B27-9CE4-DEB3B46FF624}.Debug|Any CPU.ActiveCfg = Debug|Any CPU
		{A6107098-A337-4B27-9CE4-DEB3B46FF624}.Debug|Any CPU.Build.0 = Debug|Any CPU
		{A6107098-A337-4B27-9CE4-DEB3B46FF624}.Dev Chrome|Any CPU.ActiveCfg = Dev Chrome|Any CPU
		{A6107098-A337-4B27-9CE4-DEB3B46FF624}.Dev Chrome|Any CPU.Build.0 = Dev Chrome|Any CPU
		{A6107098-A337-4B27-9CE4-DEB3B46FF624}.Dev IE|Any CPU.ActiveCfg = Dev IE|Any CPU
		{A6107098-A337-4B27-9CE4-DEB3B46FF624}.Dev IE|Any CPU.Build.0 = Dev IE|Any CPU
		{A6107098-A337-4B27-9CE4-DEB3B46FF624}.Patch Chrome|Any CPU.ActiveCfg = Patch Chrome|Any CPU
		{A6107098-A337-4B27-9CE4-DEB3B46FF624}.Patch Chrome|Any CPU.Build.0 = Patch Chrome|Any CPU
		{A6107098-A337-4B27-9CE4-DEB3B46FF624}.Patch IE|Any CPU.ActiveCfg = Patch IE|Any CPU
		{A6107098-A337-4B27-9CE4-DEB3B46FF624}.Patch IE|Any CPU.Build.0 = Patch IE|Any CPU
		{A6107098-A337-4B27-9CE4-DEB3B46FF624}.Prod Chrome|Any CPU.ActiveCfg = Prod Chrome|Any CPU
		{A6107098-A337-4B27-9CE4-DEB3B46FF624}.Prod Chrome|Any CPU.Build.0 = Prod Chrome|Any CPU
		{A6107098-A337-4B27-9CE4-DEB3B46FF624}.Prod IE|Any CPU.ActiveCfg = Prod IE|Any CPU
		{A6107098-A337-4B27-9CE4-DEB3B46FF624}.Prod IE|Any CPU.Build.0 = Prod IE|Any CPU
		{A6107098-A337-4B27-9CE4-DEB3B46FF624}.Release|Any CPU.ActiveCfg = Release|Any CPU
		{A6107098-A337-4B27-9CE4-DEB3B46FF624}.Release|Any CPU.Build.0 = Release|Any CPU
		{A6107098-A337-4B27-9CE4-DEB3B46FF624}.UAT Chrome|Any CPU.ActiveCfg = UAT Chrome|Any CPU
		{A6107098-A337-4B27-9CE4-DEB3B46FF624}.UAT Chrome|Any CPU.Build.0 = UAT Chrome|Any CPU
		{A6107098-A337-4B27-9CE4-DEB3B46FF624}.UAT IE|Any CPU.ActiveCfg = Release|Any CPU
		{A6107098-A337-4B27-9CE4-DEB3B46FF624}.UAT IE|Any CPU.Build.0 = Release|Any CPU
	EndGlobalSection
	GlobalSection(SolutionProperties) = preSolution
		HideSolutionNode = FALSE
	EndGlobalSection
	GlobalSection(ExtensibilityGlobals) = postSolution
		SolutionGuid = {F0E7224A-98AE-4106-B91A-B8B8ECE1A7FA}
	EndGlobalSection
	GlobalSection(TeamFoundationVersionControl) = preSolution
		SccNumberOfProjects = 1
		SccEnterpriseProvider = {4CA58AB2-18FA-4F8D-95D4-32DDF27D184C}
		SccTeamFoundationServer = http://ausyddtfs1/tfs/gbs_ist%20enterprise%20it%20services
		SccProjectUniqueName0 = Core\\Core.csproj
		SccProjectName0 = Core
		SccAuxPath0 = http://ausyddtfs1/tfs/gbs_ist%20enterprise%20it%20services
		SccLocalPath0 = Core
		SccProvider0 = {4CA58AB2-18FA-4F8D-95D4-32DDF27D184C}
	EndGlobalSection
EndGlobal
